
Microsoft Visual Studio Solution File, Format Version 12.00
# Visual Studio Version 17
VisualStudioVersion = 17.1.32407.343
MinimumVisualStudioVersion = 10.0.40219.1
Project("{FAE04EC0-301F-11D3-BF4B-00C04F79EFBC}") = "API", "API\API.csproj", "{51326D20-0F9A-471C-A0A3-BDA69E15D7D7}"
EndProject
Global
	GlobalSection(SolutionConfigurationPlatforms) = preSolution
		Debug|Any CPU = Debug|Any CPU
		Release|Any CPU = Release|Any CPU
	EndGlobalSection
	GlobalSection(ProjectConfigurationPlatforms) = postSolution
		{51326D20-0F9A-471C-A0A3-BDA69E15D7D7}.Debug|Any CPU.ActiveCfg = Debug|Any CPU
		{51326D20-0F9A-471C-A0A3-BDA69E15D7D7}.Debug|Any CPU.Build.0 = Debug|Any CPU
		{51326D20-0F9A-471C-A0A3-BDA69E15D7D7}.Release|Any CPU.ActiveCfg = Release|Any CPU
		{51326D20-0F9A-471C-A0A3-BDA69E15D7D7}.Release|Any CPU.Build.0 = Release|Any CPU
	EndGlobalSection
	GlobalSection(SolutionProperties) = preSolution
		HideSolutionNode = FALSE
	EndGlobalSection
	GlobalSection(ExtensibilityGlobals) = postSolution
		SolutionGuid = {28A5443D-2D94-449E-BEB1-8D16CB7D14E2}
	EndGlobalSection
EndGlobal
